// !$*UTF8*$!
{
	archiveVersion = 1;
	classes = {
	};
	objectVersion = 77;
	objects = {

/* Begin PBXBuildFile section */
		A001 /* Assets.xcassets in Resources */ = {isa = PBXBuildFile; fileRef = F001 /* Assets.xcassets */; };
		A002 /* WildflowerApp.swift in Sources */ = {isa = PBXBuildFile; fileRef = F002 /* WildflowerApp.swift */; };
		A003 /* ContentView.swift in Sources */ = {isa = PBXBuildFile; fileRef = F003 /* ContentView.swift */; };
		A004 /* Color+Hex.swift in Sources */ = {isa = PBXBuildFile; fileRef = F004 /* Color+Hex.swift */; };
		A005 /* Goal.swift in Sources */ = {isa = PBXBuildFile; fileRef = F005 /* Goal.swift */; };
		A006 /* Session.swift in Sources */ = {isa = PBXBuildFile; fileRef = F006 /* Session.swift */; };
		A007 /* TimerView.swift in Sources */ = {isa = PBXBuildFile; fileRef = F007 /* TimerView.swift */; };
		A008 /* GardenView.swift in Sources */ = {isa = PBXBuildFile; fileRef = F008 /* GardenView.swift */; };
		A009 /* MarketView.swift in Sources */ = {isa = PBXBuildFile; fileRef = F009 /* MarketView.swift */; };
		A010 /* HouseView.swift in Sources */ = {isa = PBXBuildFile; fileRef = F010 /* HouseView.swift */; };
		A011 /* AddGoalView.swift in Sources */ = {isa = PBXBuildFile; fileRef = F011 /* AddGoalView.swift */; };
		A012 /* PixelFont.swift in Sources */ = {isa = PBXBuildFile; fileRef = F012 /* PixelFont.swift */; };
		A013 /* PressStart2P-Regular.ttf in Resources */ = {isa = PBXBuildFile; fileRef = F013 /* PressStart2P-Regular.ttf */; };
		A014 /* PixelifySans-Regular.ttf in Resources */ = {isa = PBXBuildFile; fileRef = F015 /* PixelifySans-Regular.ttf */; };
		A015 /* PixelifySans-Bold.ttf in Resources */ = {isa = PBXBuildFile; fileRef = F016 /* PixelifySans-Bold.ttf */; };
		A016 /* DriftingCloud.swift in Sources */ = {isa = PBXBuildFile; fileRef = F017 /* DriftingCloud.swift */; };
		A017 /* FloatingButterfly.swift in Sources */ = {isa = PBXBuildFile; fileRef = F018 /* FloatingButterfly.swift */; };
		A018 /* GentleSun.swift in Sources */ = {isa = PBXBuildFile; fileRef = F019 /* GentleSun.swift */; };
		A019 /* ParallaxHills.swift in Sources */ = {isa = PBXBuildFile; fileRef = F020 /* ParallaxHills.swift */; };
		A020 /* GrasslandForeground.swift in Sources */ = {isa = PBXBuildFile; fileRef = F021 /* GrasslandForeground.swift */; };
		A021 /* SceneTrees.swift in Sources */ = {isa = PBXBuildFile; fileRef = F022 /* SceneTrees.swift */; };
		A022 /* TimerSceneView.swift in Sources */ = {isa = PBXBuildFile; fileRef = F023 /* TimerSceneView.swift */; };
		A023 /* TimerScene.swift in Sources */ = {isa = PBXBuildFile; fileRef = F024 /* TimerScene.swift */; };
/* End PBXBuildFile section */

/* Begin PBXFileReference section */
		F000 /* Wildflower.app */ = {isa = PBXFileReference; includeInIndex = 0; lastKnownFileType = wrapper.application; path = Wildflower.app; sourceTree = BUILT_PRODUCTS_DIR; };
		F001 /* Assets.xcassets */ = {isa = PBXFileReference; lastKnownFileType = folder.assetcatalog; path = Assets.xcassets; sourceTree = "<group>"; };
		F002 /* WildflowerApp.swift */ = {isa = PBXFileReference; lastKnownFileType = sourcecode.swift; path = WildflowerApp.swift; sourceTree = "<group>"; };
		F003 /* ContentView.swift */ = {isa = PBXFileReference; lastKnownFileType = sourcecode.swift; path = ContentView.swift; sourceTree = "<group>"; };
		F004 /* Color+Hex.swift */ = {isa = PBXFileReference; lastKnownFileType = sourcecode.swift; path = "Color+Hex.swift"; sourceTree = "<group>"; };
		F005 /* Goal.swift */ = {isa = PBXFileReference; lastKnownFileType = sourcecode.swift; path = Goal.swift; sourceTree = "<group>"; };
		F006 /* Session.swift */ = {isa = PBXFileReference; lastKnownFileType = sourcecode.swift; path = Session.swift; sourceTree = "<group>"; };
		F007 /* TimerView.swift */ = {isa = PBXFileReference; lastKnownFileType = sourcecode.swift; path = TimerView.swift; sourceTree = "<group>"; };
		F008 /* GardenView.swift */ = {isa = PBXFileReference; lastKnownFileType = sourcecode.swift; path = GardenView.swift; sourceTree = "<group>"; };
		F009 /* MarketView.swift */ = {isa = PBXFileReference; lastKnownFileType = sourcecode.swift; path = MarketView.swift; sourceTree = "<group>"; };
		F010 /* HouseView.swift */ = {isa = PBXFileReference; lastKnownFileType = sourcecode.swift; path = HouseView.swift; sourceTree = "<group>"; };
		F011 /* AddGoalView.swift */ = {isa = PBXFileReference; lastKnownFileType = sourcecode.swift; path = AddGoalView.swift; sourceTree = "<group>"; };
		F012 /* PixelFont.swift */ = {isa = PBXFileReference; lastKnownFileType = sourcecode.swift; path = PixelFont.swift; sourceTree = "<group>"; };
		F013 /* PressStart2P-Regular.ttf */ = {isa = PBXFileReference; lastKnownFileType = file; path = "PressStart2P-Regular.ttf"; sourceTree = "<group>"; };
		F014 /* Info.plist */ = {isa = PBXFileReference; lastKnownFileType = text.plist.xml; path = Info.plist; sourceTree = "<group>"; };
		F015 /* PixelifySans-Regular.ttf */ = {isa = PBXFileReference; lastKnownFileType = file; path = "PixelifySans-Regular.ttf"; sourceTree = "<group>"; };
		F016 /* PixelifySans-Bold.ttf */ = {isa = PBXFileReference; lastKnownFileType = file; path = "PixelifySans-Bold.ttf"; sourceTree = "<group>"; };
		F017 /* DriftingCloud.swift */ = {isa = PBXFileReference; lastKnownFileType = sourcecode.swift; path = DriftingCloud.swift; sourceTree = "<group>"; };
		F018 /* FloatingButterfly.swift */ = {isa = PBXFileReference; lastKnownFileType = sourcecode.swift; path = FloatingButterfly.swift; sourceTree = "<group>"; };
		F019 /* GentleSun.swift */ = {isa = PBXFileReference; lastKnownFileType = sourcecode.swift; path = GentleSun.swift; sourceTree = "<group>"; };
		F020 /* ParallaxHills.swift */ = {isa = PBXFileReference; lastKnownFileType = sourcecode.swift; path = ParallaxHills.swift; sourceTree = "<group>"; };
		F021 /* GrasslandForeground.swift */ = {isa = PBXFileReference; lastKnownFileType = sourcecode.swift; path = GrasslandForeground.swift; sourceTree = "<group>"; };
		F022 /* SceneTrees.swift */ = {isa = PBXFileReference; lastKnownFileType = sourcecode.swift; path = SceneTrees.swift; sourceTree = "<group>"; };
		F023 /* TimerSceneView.swift */ = {isa = PBXFileReference; lastKnownFileType = sourcecode.swift; path = TimerSceneView.swift; sourceTree = "<group>"; };
		F024 /* TimerScene.swift */ = {isa = PBXFileReference; lastKnownFileType = sourcecode.swift; path = TimerScene.swift; sourceTree = "<group>"; };
/* End PBXFileReference section */

/* Begin PBXGroup section */
		G000 = {
			isa = PBXGroup;
			children = (
				G001 /* Wildflower */,
				G002 /* Products */,
			);
			sourceTree = "<group>";
		};
			G001 /* Wildflower */ = {
			isa = PBXGroup;
			children = (
				F014 /* Info.plist */,
				F002 /* WildflowerApp.swift */,
				F003 /* ContentView.swift */,
				F001 /* Assets.xcassets */,
				G003 /* Models */,
				G004 /* Views */,
				G009 /* Extensions */,
				G011 /* Fonts */,
			);
			path = Wildflower;
			sourceTree = "<group>";
		};
		G002 /* Products */ = {
			isa = PBXGroup;
			children = (
				F000 /* Wildflower.app */,
			);
			name = Products;
			sourceTree = "<group>";
		};
		G003 /* Models */ = {
			isa = PBXGroup;
			children = (
				F005 /* Goal.swift */,
				F006 /* Session.swift */,
			);
			path = Models;
			sourceTree = "<group>";
		};
		G004 /* Views */ = {
			isa = PBXGroup;
			children = (
				G005 /* Timer */,
				G006 /* Garden */,
				G007 /* Market */,
				G008 /* House */,
				G010 /* Goals */,
			);
			path = Views;
			sourceTree = "<group>";
		};
		G005 /* Timer */ = {
			isa = PBXGroup;
			children = (
				F007 /* TimerView.swift */,
				G012 /* Components */,
			);
			path = Timer;
			sourceTree = "<group>";
		};
		G012 /* Components */ = {
			isa = PBXGroup;
			children = (
				F017 /* DriftingCloud.swift */,
				F018 /* FloatingButterfly.swift */,
				F019 /* GentleSun.swift */,
				F020 /* ParallaxHills.swift */,
				F021 /* GrasslandForeground.swift */,
				F022 /* SceneTrees.swift */,
				F023 /* TimerSceneView.swift */,
				F024 /* TimerScene.swift */,
			);
			path = Components;
			sourceTree = "<group>";
		};
		G006 /* Garden */ = {
			isa = PBXGroup;
			children = (
				F008 /* GardenView.swift */,
			);
			path = Garden;
			sourceTree = "<group>";
		};
		G007 /* Market */ = {
			isa = PBXGroup;
			children = (
				F009 /* MarketView.swift */,
			);
			path = Market;
			sourceTree = "<group>";
		};
		G008 /* House */ = {
			isa = PBXGroup;
			children = (
				F010 /* HouseView.swift */,
			);
			path = House;
			sourceTree = "<group>";
		};
		G009 /* Extensions */ = {
			isa = PBXGroup;
			children = (
				F004 /* Color+Hex.swift */,
				F012 /* PixelFont.swift */,
			);
			path = Extensions;
			sourceTree = "<group>";
		};
		G010 /* Goals */ = {
			isa = PBXGroup;
			children = (
				F011 /* AddGoalView.swift */,
			);
			path = Goals;
			sourceTree = "<group>";
		};
		G011 /* Fonts */ = {
			isa = PBXGroup;
			children = (
				F013 /* PressStart2P-Regular.ttf */,
				F015 /* PixelifySans-Regular.ttf */,
				F016 /* PixelifySans-Bold.ttf */,
			);
			path = Fonts;
			sourceTree = "<group>";
		};
/* End PBXGroup section */

/* Begin PBXNativeTarget section */
		T000 /* Wildflower */ = {
			isa = PBXNativeTarget;
			buildConfigurationList = CL001 /* Build configuration list for PBXNativeTarget "Wildflower" */;
			buildPhases = (
				BP001 /* Sources */,
				BP002 /* Resources */,
			);
			buildRules = (
			);
			dependencies = (
			);
			name = Wildflower;
			packageProductDependencies = (
			);
			productName = Wildflower;
			productReference = F000 /* Wildflower.app */;
			productType = "com.apple.product-type.application";
		};
/* End PBXNativeTarget section */

/* Begin PBXProject section */
		P000 /* Project object */ = {
			isa = PBXProject;
			attributes = {
				BuildIndependentTargetsInParallel = YES;
				LastUpgradeCheck = 1600;
				TargetAttributes = {
					T000 = {
						DevelopmentTeam = "";
					};
				};
			};
			buildConfigurationList = CL000 /* Build configuration list for PBXProject "Wildflower" */;
			developmentRegion = en;
			hasScannedForEncodings = 0;
			knownRegions = (
				Base,
				en,
			);
			mainGroup = G000;
			minimizedProjectReferenceProxies = 1;
			preferredProjectObjectVersion = 77;
			productRefGroup = G002 /* Products */;
			projectDirPath = "";
			projectRoot = "";
			targets = (
				T000 /* Wildflower */,
			);
		};
/* End PBXProject section */

/* Begin PBXResourcesBuildPhase section */
		BP002 /* Resources */ = {
			isa = PBXResourcesBuildPhase;
			buildActionMask = 2147483647;
			files = (
				A001 /* Assets.xcassets in Resources */,
				A013 /* PressStart2P-Regular.ttf in Resources */,
				A014 /* PixelifySans-Regular.ttf in Resources */,
				A015 /* PixelifySans-Bold.ttf in Resources */,
			);
			runOnlyForDeploymentPostprocessing = 0;
		};
/* End PBXResourcesBuildPhase section */

/* Begin PBXSourcesBuildPhase section */
		BP001 /* Sources */ = {
			isa = PBXSourcesBuildPhase;
			buildActionMask = 2147483647;
			files = (
				A002 /* WildflowerApp.swift in Sources */,
				A003 /* ContentView.swift in Sources */,
				A004 /* Color+Hex.swift in Sources */,
				A005 /* Goal.swift in Sources */,
				A006 /* Session.swift in Sources */,
				A007 /* TimerView.swift in Sources */,
				A008 /* GardenView.swift in Sources */,
				A009 /* MarketView.swift in Sources */,
				A010 /* HouseView.swift in Sources */,
				A011 /* AddGoalView.swift in Sources */,
				A012 /* PixelFont.swift in Sources */,
				A016 /* DriftingCloud.swift in Sources */,
				A017 /* FloatingButterfly.swift in Sources */,
				A018 /* GentleSun.swift in Sources */,
				A019 /* ParallaxHills.swift in Sources */,
				A020 /* GrasslandForeground.swift in Sources */,
				A021 /* SceneTrees.swift in Sources */,
				A022 /* TimerSceneView.swift in Sources */,
				A023 /* TimerScene.swift in Sources */,
			);
			runOnlyForDeploymentPostprocessing = 0;
		};
/* End PBXSourcesBuildPhase section */

/* Begin XCBuildConfiguration section */
		BC000 /* Debug */ = {
			isa = XCBuildConfiguration;
			buildSettings = {
				ALWAYS_SEARCH_USER_PATHS = NO;
				CLANG_ANALYZER_NONNULL = YES;
				CLANG_ANALYZER_NUMBER_OBJECT_CONVERSION = YES_AGGRESSIVE;
				CLANG_CXX_LANGUAGE_STANDARD = "gnu++20";
				CLANG_CXX_LIBRARY = "libc++";
				CLANG_ENABLE_MODULES = YES;
				CLANG_ENABLE_OBJC_ARC = YES;
				CLANG_ENABLE_OBJC_WEAK = YES;
				CLANG_WARN_BLOCK_CAPTURE_AUTORELEASING = YES;
				CLANG_WARN_BOOL_CONVERSION = YES;
				CLANG_WARN_COMMA = YES;
				CLANG_WARN_CONSTANT_CONVERSION = YES;
				CLANG_WARN_DEPRECATED_OBJC_IMPLEMENTATIONS = YES;
				CLANG_WARN_DIRECT_OBJC_ISA_USAGE = YES_ERROR;
				CLANG_WARN_DOCUMENTATION_COMMENTS = YES;
				CLANG_WARN_EMPTY_BODY = YES;
				CLANG_WARN_ENUM_CONVERSION = YES;
				CLANG_WARN_INFINITE_RECURSION = YES;
				CLANG_WARN_INT_CONVERSION = YES;
				CLANG_WARN_NON_LITERAL_NULL_CONVERSION = YES;
				CLANG_WARN_OBJC_IMPLICIT_RETAIN_SELF = YES;
				CLANG_WARN_OBJC_LITERAL_CONVERSION = YES;
				CLANG_WARN_OBJC_ROOT_CLASS = YES_ERROR;
				CLANG_WARN_QUOTED_INCLUDE_IN_FRAMEWORK_HEADER = YES;
				CLANG_WARN_RANGE_LOOP_ANALYSIS = YES;
				CLANG_WARN_STRICT_PROTOTYPES = YES;
				CLANG_WARN_SUSPICIOUS_MOVE = YES;
				CLANG_WARN_UNGUARDED_AVAILABILITY = YES_AGGRESSIVE;
				CLANG_WARN_UNREACHABLE_CODE = YES;
				CLANG_WARN__DUPLICATE_METHOD_MATCH = YES;
				COPY_PHASE_STRIP = NO;
				DEBUG_INFORMATION_FORMAT = dwarf;
				DEVELOPMENT_TEAM = "";
				ENABLE_STRICT_OBJC_MSGSEND = YES;
				ENABLE_TESTABILITY = YES;
				GCC_C_LANGUAGE_STANDARD = gnu17;
				GCC_DYNAMIC_NO_PIC = NO;
				GCC_NO_COMMON_BLOCKS = YES;
				GCC_OPTIMIZATION_LEVEL = 0;
				GCC_PREPROCESSOR_DEFINITIONS = (
					"$(inherited)",
					"DEBUG=1",
				);
				GCC_WARN_64_TO_32_BIT_CONVERSION = YES;
				GCC_WARN_ABOUT_RETURN_TYPE = YES_ERROR;
				GCC_WARN_UNDECLARED_SELECTOR = YES;
				GCC_WARN_UNINITIALIZED_AUTOS = YES_AGGRESSIVE;
				GCC_WARN_UNUSED_FUNCTION = YES;
				GCC_WARN_UNUSED_VARIABLE = YES;
				IPHONEOS_DEPLOYMENT_TARGET = 17.0;
				MTL_ENABLE_DEBUG_INFO = INCLUDE_SOURCE;
				MTL_FAST_MATH = YES;
				ONLY_ACTIVE_ARCH = YES;
				PRODUCT_NAME = "$(TARGET_NAME)";
				SDKROOT = iphoneos;
				SWIFT_ACTIVE_COMPILATION_CONDITIONS = DEBUG;
				SWIFT_OPTIMIZATION_LEVEL = "-Onone";
				SWIFT_VERSION = 5.0;
			};
			name = Debug;
		};
		BC001 /* Release */ = {
			isa = XCBuildConfiguration;
			buildSettings = {
				ALWAYS_SEARCH_USER_PATHS = NO;
				CLANG_ANALYZER_NONNULL = YES;
				CLANG_ANALYZER_NUMBER_OBJECT_CONVERSION = YES_AGGRESSIVE;
				CLANG_CXX_LANGUAGE_STANDARD = "gnu++20";
				CLANG_CXX_LIBRARY = "libc++";
				CLANG_ENABLE_MODULES = YES;
				CLANG_ENABLE_OBJC_ARC = YES;
				CLANG_ENABLE_OBJC_WEAK = YES;
				CLANG_WARN_BLOCK_CAPTURE_AUTORELEASING = YES;
				CLANG_WARN_BOOL_CONVERSION = YES;
				CLANG_WARN_COMMA = YES;
				CLANG_WARN_CONSTANT_CONVERSION = YES;
				CLANG_WARN_DEPRECATED_OBJC_IMPLEMENTATIONS = YES;
				CLANG_WARN_DIRECT_OBJC_ISA_USAGE = YES_ERROR;
				CLANG_WARN_DOCUMENTATION_COMMENTS = YES;
				CLANG_WARN_EMPTY_BODY = YES;
				CLANG_WARN_ENUM_CONVERSION = YES;
				CLANG_WARN_INFINITE_RECURSION = YES;
				CLANG_WARN_INT_CONVERSION = YES;
				CLANG_WARN_NON_LITERAL_NULL_CONVERSION = YES;
				CLANG_WARN_OBJC_IMPLICIT_RETAIN_SELF = YES;
				CLANG_WARN_OBJC_LITERAL_CONVERSION = YES;
				CLANG_WARN_OBJC_ROOT_CLASS = YES_ERROR;
				CLANG_WARN_QUOTED_INCLUDE_IN_FRAMEWORK_HEADER = YES;
				CLANG_WARN_RANGE_LOOP_ANALYSIS = YES;
				CLANG_WARN_STRICT_PROTOTYPES = YES;
				CLANG_WARN_SUSPICIOUS_MOVE = YES;
				CLANG_WARN_UNGUARDED_AVAILABILITY = YES_AGGRESSIVE;
				CLANG_WARN_UNREACHABLE_CODE = YES;
				CLANG_WARN__DUPLICATE_METHOD_MATCH = YES;
				COPY_PHASE_STRIP = NO;
				DEBUG_INFORMATION_FORMAT = "dwarf-with-dsym";
				DEVELOPMENT_TEAM = "";
				ENABLE_NS_ASSERTIONS = NO;
				ENABLE_STRICT_OBJC_MSGSEND = YES;
				GCC_C_LANGUAGE_STANDARD = gnu17;
				GCC_NO_COMMON_BLOCKS = YES;
				GCC_WARN_64_TO_32_BIT_CONVERSION = YES;
				GCC_WARN_ABOUT_RETURN_TYPE = YES_ERROR;
				GCC_WARN_UNDECLARED_SELECTOR = YES;
				GCC_WARN_UNINITIALIZED_AUTOS = YES_AGGRESSIVE;
				GCC_WARN_UNUSED_FUNCTION = YES;
				GCC_WARN_UNUSED_VARIABLE = YES;
				IPHONEOS_DEPLOYMENT_TARGET = 17.0;
				MTL_ENABLE_DEBUG_INFO = NO;
				MTL_FAST_MATH = YES;
				PRODUCT_NAME = "$(TARGET_NAME)";
				SDKROOT = iphoneos;
				SWIFT_COMPILATION_MODE = wholemodule;
				SWIFT_OPTIMIZATION_LEVEL = "-O";
				SWIFT_VERSION = 5.0;
			};
			name = Release;
		};
		BC002 /* Debug */ = {
			isa = XCBuildConfiguration;
			buildSettings = {
				ASSETCATALOG_COMPILER_APPICON_NAME = AppIcon;
				ASSETCATALOG_COMPILER_GLOBAL_ACCENT_COLOR_NAME = AccentColor;
				CODE_SIGN_IDENTITY = "iPhone Developer";
				GENERATE_INFOPLIST_FILE = YES;
				INFOPLIST_FILE = Wildflower/Info.plist;
				INFOPLIST_KEY_UIApplicationSceneManifest_Generation = YES;
				INFOPLIST_KEY_UIApplicationSupportsIndirectInputEvents = YES;
				INFOPLIST_KEY_UILaunchScreen_Generation = YES;
				INFOPLIST_KEY_UISupportedInterfaceOrientations_iPad = "UIInterfaceOrientationPortrait UIInterfaceOrientationPortraitUpsideDown UIInterfaceOrientationLandscapeLeft UIInterfaceOrientationLandscapeRight";
				INFOPLIST_KEY_UISupportedInterfaceOrientations_iPhone = UIInterfaceOrientationPortrait;
				LD_RUNPATH_SEARCH_PATHS = (
					"$(inherited)",
					"@executable_path/Frameworks",
				);
				PRODUCT_BUNDLE_IDENTIFIER = com.damla.Wildflower;
				SDKROOT = iphoneos;
				SWIFT_VERSION = 5.0;
				TARGETED_DEVICE_FAMILY = "1,2";
			};
			name = Debug;
		};
		BC003 /* Release */ = {
			isa = XCBuildConfiguration;
			buildSettings = {
				ASSETCATALOG_COMPILER_APPICON_NAME = AppIcon;
				ASSETCATALOG_COMPILER_GLOBAL_ACCENT_COLOR_NAME = AccentColor;
				CODE_SIGN_IDENTITY = "iPhone Developer";
				GENERATE_INFOPLIST_FILE = YES;
				INFOPLIST_FILE = Wildflower/Info.plist;
				INFOPLIST_KEY_UIApplicationSceneManifest_Generation = YES;
				INFOPLIST_KEY_UIApplicationSupportsIndirectInputEvents = YES;
				INFOPLIST_KEY_UILaunchScreen_Generation = YES;
				INFOPLIST_KEY_UISupportedInterfaceOrientations_iPad = "UIInterfaceOrientationPortrait UIInterfaceOrientationPortraitUpsideDown UIInterfaceOrientationLandscapeLeft UIInterfaceOrientationLandscapeRight";
				INFOPLIST_KEY_UISupportedInterfaceOrientations_iPhone = UIInterfaceOrientationPortrait;
				LD_RUNPATH_SEARCH_PATHS = (
					"$(inherited)",
					"@executable_path/Frameworks",
				);
				PRODUCT_BUNDLE_IDENTIFIER = com.damla.Wildflower;
				SDKROOT = iphoneos;
				SWIFT_VERSION = 5.0;
				TARGETED_DEVICE_FAMILY = "1,2";
			};
			name = Release;
		};
/* End XCBuildConfiguration section */

/* Begin XCConfigurationList section */
		CL000 /* Build configuration list for PBXProject "Wildflower" */ = {
			isa = XCConfigurationList;
			buildConfigurations = (
				BC000 /* Debug */,
				BC001 /* Release */,
			);
			defaultConfigurationIsVisible = 0;
			defaultConfigurationName = Debug;
		};
		CL001 /* Build configuration list for PBXNativeTarget "Wildflower" */ = {
			isa = XCConfigurationList;
			buildConfigurations = (
				BC002 /* Debug */,
				BC003 /* Release */,
			);
			defaultConfigurationIsVisible = 0;
			defaultConfigurationName = Debug;
		};
/* End XCConfigurationList section */
	};
	rootObject = P000 /* Project object */;
}
